
Microsoft Visual Studio Solution File, Format Version 12.00
# Visual Studio Version 17
VisualStudioVersion = 17.8.34511.84
MinimumVisualStudioVersion = 10.0.40219.1
Project("{FAE04EC0-301F-11D3-BF4B-00C04F79EFBC}") = "Api", "Api\Api.csproj", "{AD6DAB12-9C5B-42DC-A547-4C5DB59463F7}"
EndProject
Global
	GlobalSection(SolutionConfigurationPlatforms) = preSolution
		Debug|Any CPU = Debug|Any CPU
		Release|Any CPU = Release|Any CPU
	EndGlobalSection
	GlobalSection(ProjectConfigurationPlatforms) = postSolution
		{AD6DAB12-9C5B-42DC-A547-4C5DB59463F7}.Debug|Any CPU.ActiveCfg = Debug|Any CPU
		{AD6DAB12-9C5B-42DC-A547-4C5DB59463F7}.Debug|Any CPU.Build.0 = Debug|Any CPU
		{AD6DAB12-9C5B-42DC-A547-4C5DB59463F7}.Release|Any CPU.ActiveCfg = Release|Any CPU
		{AD6DAB12-9C5B-42DC-A547-4C5DB59463F7}.Release|Any CPU.Build.0 = Release|Any CPU
	EndGlobalSection
	GlobalSection(SolutionProperties) = preSolution
		HideSolutionNode = FALSE
	EndGlobalSection
	GlobalSection(ExtensibilityGlobals) = postSolution
		SolutionGuid = {64E9EC26-5915-4000-951C-AC8E2C34B18A}
	EndGlobalSection
EndGlobal
